
Microsoft Visual Studio Solution File, Format Version 12.00
# Visual Studio 15
VisualStudioVersion = 15.0.27130.2026
MinimumVisualStudioVersion = 10.0.40219.1
Project("{FAE04EC0-301F-11D3-BF4B-00C04F79EFBC}") = "Shuttle.Deferred.Messages", "Shuttle.Deferred.Messages\Shuttle.Deferred.Messages.csproj", "{10B48120-466A-419E-B4BB-D0E69D3C1498}"
EndProject
Project("{FAE04EC0-301F-11D3-BF4B-00C04F79EFBC}") = "Shuttle.Deferred.Client", "Shuttle.Deferred.Client\Shuttle.Deferred.Client.csproj", "{B135D5CA-98CD-45F2-925E-8428ADC752C1}"
EndProject
Project("{FAE04EC0-301F-11D3-BF4B-00C04F79EFBC}") = "Shuttle.Deferred.Server", "Shuttle.Deferred.Server\Shuttle.Deferred.Server.csproj", "{2DD563A5-1ABB-4258-8430-3020B15AB5BB}"
EndProject
Project("{2150E333-8FDC-42A3-9474-1A3956D46DE8}") = "Solution Items", "Solution Items", "{6F170488-ECB7-4FF7-9E88-EA3D267FA45C}"
	ProjectSection(SolutionItems) = preProject
		README.md = README.md
	EndProjectSection
EndProject
Global
	GlobalSection(SolutionConfigurationPlatforms) = preSolution
		Debug|Any CPU = Debug|Any CPU
		Release|Any CPU = Release|Any CPU
	EndGlobalSection
	GlobalSection(ProjectConfigurationPlatforms) = postSolution
		{10B48120-466A-419E-B4BB-D0E69D3C1498}.Debug|Any CPU.ActiveCfg = Debug|Any CPU
		{10B48120-466A-419E-B4BB-D0E69D3C1498}.Debug|Any CPU.Build.0 = Debug|Any CPU
		{10B48120-466A-419E-B4BB-D0E69D3C1498}.Release|Any CPU.ActiveCfg = Release|Any CPU
		{10B48120-466A-419E-B4BB-D0E69D3C1498}.Release|Any CPU.Build.0 = Release|Any CPU
		{B135D5CA-98CD-45F2-925E-8428ADC752C1}.Debug|Any CPU.ActiveCfg = Debug|Any CPU
		{B135D5CA-98CD-45F2-925E-8428ADC752C1}.Debug|Any CPU.Build.0 = Debug|Any CPU
		{B135D5CA-98CD-45F2-925E-8428ADC752C1}.Release|Any CPU.ActiveCfg = Release|Any CPU
		{B135D5CA-98CD-45F2-925E-8428ADC752C1}.Release|Any CPU.Build.0 = Release|Any CPU
		{2DD563A5-1ABB-4258-8430-3020B15AB5BB}.Debug|Any CPU.ActiveCfg = Debug|Any CPU
		{2DD563A5-1ABB-4258-8430-3020B15AB5BB}.Debug|Any CPU.Build.0 = Debug|Any CPU
		{2DD563A5-1ABB-4258-8430-3020B15AB5BB}.Release|Any CPU.ActiveCfg = Release|Any CPU
		{2DD563A5-1ABB-4258-8430-3020B15AB5BB}.Release|Any CPU.Build.0 = Release|Any CPU
	EndGlobalSection
	GlobalSection(SolutionProperties) = preSolution
		HideSolutionNode = FALSE
	EndGlobalSection
	GlobalSection(ExtensibilityGlobals) = postSolution
		SolutionGuid = {AA3F77B6-1E68-46BB-A88F-50DBB70EF787}
	EndGlobalSection
EndGlobal
