
Microsoft Visual Studio Solution File, Format Version 12.00
# Visual Studio 2012
Project("{FAE04EC0-301F-11D3-BF4B-00C04F79EFBC}") = "Shuttle.RequestResponse.Messages", "Shuttle.RequestResponse.Messages\Shuttle.RequestResponse.Messages.csproj", "{23387036-B9B6-4C3C-94E3-ECD016C2A8BF}"
EndProject
Project("{FAE04EC0-301F-11D3-BF4B-00C04F79EFBC}") = "Shuttle.RequestResponse.Client", "Shuttle.RequestResponse.Client\Shuttle.RequestResponse.Client.csproj", "{36906F3D-24BF-4CBC-954B-D858A04F43BA}"
EndProject
Project("{FAE04EC0-301F-11D3-BF4B-00C04F79EFBC}") = "Shuttle.RequestResponse.Server", "Shuttle.RequestResponse.Server\Shuttle.RequestResponse.Server.csproj", "{100E53CC-6ECF-402A-9DCB-E37E879013F3}"
EndProject
Global
	GlobalSection(SolutionConfigurationPlatforms) = preSolution
		Debug|Any CPU = Debug|Any CPU
		Release|Any CPU = Release|Any CPU
	EndGlobalSection
	GlobalSection(ProjectConfigurationPlatforms) = postSolution
		{23387036-B9B6-4C3C-94E3-ECD016C2A8BF}.Debug|Any CPU.ActiveCfg = Debug|Any CPU
		{23387036-B9B6-4C3C-94E3-ECD016C2A8BF}.Debug|Any CPU.Build.0 = Debug|Any CPU
		{23387036-B9B6-4C3C-94E3-ECD016C2A8BF}.Release|Any CPU.ActiveCfg = Release|Any CPU
		{23387036-B9B6-4C3C-94E3-ECD016C2A8BF}.Release|Any CPU.Build.0 = Release|Any CPU
		{36906F3D-24BF-4CBC-954B-D858A04F43BA}.Debug|Any CPU.ActiveCfg = Debug|Any CPU
		{36906F3D-24BF-4CBC-954B-D858A04F43BA}.Debug|Any CPU.Build.0 = Debug|Any CPU
		{36906F3D-24BF-4CBC-954B-D858A04F43BA}.Release|Any CPU.ActiveCfg = Release|Any CPU
		{36906F3D-24BF-4CBC-954B-D858A04F43BA}.Release|Any CPU.Build.0 = Release|Any CPU
		{100E53CC-6ECF-402A-9DCB-E37E879013F3}.Debug|Any CPU.ActiveCfg = Debug|Any CPU
		{100E53CC-6ECF-402A-9DCB-E37E879013F3}.Debug|Any CPU.Build.0 = Debug|Any CPU
		{100E53CC-6ECF-402A-9DCB-E37E879013F3}.Release|Any CPU.ActiveCfg = Release|Any CPU
		{100E53CC-6ECF-402A-9DCB-E37E879013F3}.Release|Any CPU.Build.0 = Release|Any CPU
	EndGlobalSection
	GlobalSection(SolutionProperties) = preSolution
		HideSolutionNode = FALSE
	EndGlobalSection
EndGlobal
