
Microsoft Visual Studio Solution File, Format Version 12.00
# Visual Studio 15
VisualStudioVersion = 15.0.27130.2026
MinimumVisualStudioVersion = 10.0.40219.1
Project("{9A19103F-16F7-4668-BE54-9A1E7A4F7556}") = "Shuttle.ProcessManagement.WebApi", "Shuttle.ProcessManagement.WebApi\Shuttle.ProcessManagement.WebApi.csproj", "{12402305-57C2-4F7F-8758-A8BBCF334328}"
EndProject
Project("{9A19103F-16F7-4668-BE54-9A1E7A4F7556}") = "Shuttle.EMailSender.Messages", "Shuttle.EMailSender.Messages\Shuttle.EMailSender.Messages.csproj", "{140DD827-5618-41E9-B0DF-2CBE154D310D}"
EndProject
Project("{9A19103F-16F7-4668-BE54-9A1E7A4F7556}") = "Shuttle.EMailSender.Server", "Shuttle.EMailSender.Server\Shuttle.EMailSender.Server.csproj", "{1B556FE7-13C1-406B-A2B4-C4122DE14F8E}"
EndProject
Project("{9A19103F-16F7-4668-BE54-9A1E7A4F7556}") = "Shuttle.Invoicing", "Shuttle.Invoicing\Shuttle.Invoicing.csproj", "{575B0B44-B989-495E-B328-180BC4AA2730}"
EndProject
Project("{9A19103F-16F7-4668-BE54-9A1E7A4F7556}") = "Shuttle.Invoicing.Messages", "Shuttle.Invoicing.Messages\Shuttle.Invoicing.Messages.csproj", "{882E63FC-64C0-4856-A085-990F7CC2BE1E}"
EndProject
Project("{9A19103F-16F7-4668-BE54-9A1E7A4F7556}") = "Shuttle.Invoicing.Server", "Shuttle.Invoicing.Server\Shuttle.Invoicing.Server.csproj", "{915FA3B2-E4FC-4E87-A878-F23848919781}"
EndProject
Project("{9A19103F-16F7-4668-BE54-9A1E7A4F7556}") = "Shuttle.Ordering", "Shuttle.Ordering\Shuttle.Ordering.csproj", "{F64698B2-CE26-4667-B69E-AEC1B670F7F3}"
EndProject
Project("{9A19103F-16F7-4668-BE54-9A1E7A4F7556}") = "Shuttle.Ordering.Messages", "Shuttle.Ordering.Messages\Shuttle.Ordering.Messages.csproj", "{BE940FFF-9B9A-407B-90C9-532AE25F0F83}"
EndProject
Project("{9A19103F-16F7-4668-BE54-9A1E7A4F7556}") = "Shuttle.Ordering.Server", "Shuttle.Ordering.Server\Shuttle.Ordering.Server.csproj", "{91399193-3C9C-43C2-8807-603CCD52C5D2}"
EndProject
Project("{9A19103F-16F7-4668-BE54-9A1E7A4F7556}") = "Shuttle.Process.Custom.Server", "Shuttle.Process.Custom.Server\Shuttle.Process.Custom.Server.csproj", "{CCD2141C-A5D7-4DEA-9C4B-48BDA1832A50}"
EndProject
Project("{9A19103F-16F7-4668-BE54-9A1E7A4F7556}") = "Shuttle.Process.CustomES.Server", "Shuttle.Process.CustomES.Server\Shuttle.Process.CustomES.Server.csproj", "{4908413A-B53F-447E-8DE4-A26FDE1F3E5A}"
EndProject
Project("{9A19103F-16F7-4668-BE54-9A1E7A4F7556}") = "Shuttle.Process.ESModule", "Shuttle.Process.ESModule\Shuttle.Process.ESModule.csproj", "{18004D7F-0A79-41C4-9B6E-21F3F9A351A0}"
EndProject
Project("{9A19103F-16F7-4668-BE54-9A1E7A4F7556}") = "Shuttle.Process.ESModule.Server", "Shuttle.Process.ESModule.Server\Shuttle.Process.ESModule.Server.csproj", "{8CDB894F-3159-4C46-BDE3-6135740B4CCF}"
EndProject
Project("{9A19103F-16F7-4668-BE54-9A1E7A4F7556}") = "Shuttle.Process.QueryServer", "Shuttle.Process.QueryServer\Shuttle.Process.QueryServer.csproj", "{9E85511C-0211-4FA5-B4CF-AEAE33F14FC6}"
EndProject
Project("{9A19103F-16F7-4668-BE54-9A1E7A4F7556}") = "Shuttle.ProcessManagement", "Shuttle.ProcessManagement\Shuttle.ProcessManagement.csproj", "{294D296C-1D07-4870-9C03-A31FACD169DE}"
EndProject
Project("{9A19103F-16F7-4668-BE54-9A1E7A4F7556}") = "Shuttle.ProcessManagement.Messages", "Shuttle.ProcessManagement.Messages\Shuttle.ProcessManagement.Messages.csproj", "{5C26A0D7-5A56-457B-81A8-8A695B28D0D1}"
EndProject
Project("{2150E333-8FDC-42A3-9474-1A3956D46DE8}") = ".scripts", ".scripts", "{8016AA2E-165D-40B2-ADC2-493D98EA3FE8}"
	ProjectSection(SolutionItems) = preProject
		.scripts\clear-data.sql = .scripts\clear-data.sql
		.scripts\process-management.sql = .scripts\process-management.sql
	EndProjectSection
EndProject
Project("{2150E333-8FDC-42A3-9474-1A3956D46DE8}") = "Solution Items", "Solution Items", "{17C79CC7-E23E-4024-B049-58095FE353BA}"
	ProjectSection(SolutionItems) = preProject
		README.md = README.md
	EndProjectSection
EndProject
Project("{9A19103F-16F7-4668-BE54-9A1E7A4F7556}") = "Shuttle.ProcessManagement.Services", "Shuttle.ProcessManagement.Services\Shuttle.ProcessManagement.Services.csproj", "{6090F443-B7A3-4BA4-A398-7717FE967F52}"
EndProject
Project("{2150E333-8FDC-42A3-9474-1A3956D46DE8}") = ".build", ".build", "{67702B79-346A-400C-AE7F-580999D442B2}"
	ProjectSection(SolutionItems) = preProject
		.build\package.msbuild = .build\package.msbuild
	EndProjectSection
EndProject
Project("{00D1A9C2-B5F0-4AF3-8072-F6C62B433612}") = "Shuttle.ProcessManagement.Database", "Shuttle.ProcessManagement.Database\Shuttle.ProcessManagement.Database.sqlproj", "{8C2DF0A0-A7E2-4634-A318-72CD9F8F1946}"
EndProject
Global
	GlobalSection(SolutionConfigurationPlatforms) = preSolution
		Debug|Any CPU = Debug|Any CPU
		Release|Any CPU = Release|Any CPU
	EndGlobalSection
	GlobalSection(ProjectConfigurationPlatforms) = postSolution
		{12402305-57C2-4F7F-8758-A8BBCF334328}.Debug|Any CPU.ActiveCfg = Debug|Any CPU
		{12402305-57C2-4F7F-8758-A8BBCF334328}.Debug|Any CPU.Build.0 = Debug|Any CPU
		{12402305-57C2-4F7F-8758-A8BBCF334328}.Release|Any CPU.ActiveCfg = Release|Any CPU
		{12402305-57C2-4F7F-8758-A8BBCF334328}.Release|Any CPU.Build.0 = Release|Any CPU
		{140DD827-5618-41E9-B0DF-2CBE154D310D}.Debug|Any CPU.ActiveCfg = Debug|Any CPU
		{140DD827-5618-41E9-B0DF-2CBE154D310D}.Debug|Any CPU.Build.0 = Debug|Any CPU
		{140DD827-5618-41E9-B0DF-2CBE154D310D}.Release|Any CPU.ActiveCfg = Release|Any CPU
		{140DD827-5618-41E9-B0DF-2CBE154D310D}.Release|Any CPU.Build.0 = Release|Any CPU
		{1B556FE7-13C1-406B-A2B4-C4122DE14F8E}.Debug|Any CPU.ActiveCfg = Debug|Any CPU
		{1B556FE7-13C1-406B-A2B4-C4122DE14F8E}.Debug|Any CPU.Build.0 = Debug|Any CPU
		{1B556FE7-13C1-406B-A2B4-C4122DE14F8E}.Release|Any CPU.ActiveCfg = Release|Any CPU
		{1B556FE7-13C1-406B-A2B4-C4122DE14F8E}.Release|Any CPU.Build.0 = Release|Any CPU
		{575B0B44-B989-495E-B328-180BC4AA2730}.Debug|Any CPU.ActiveCfg = Debug|Any CPU
		{575B0B44-B989-495E-B328-180BC4AA2730}.Debug|Any CPU.Build.0 = Debug|Any CPU
		{575B0B44-B989-495E-B328-180BC4AA2730}.Release|Any CPU.ActiveCfg = Release|Any CPU
		{575B0B44-B989-495E-B328-180BC4AA2730}.Release|Any CPU.Build.0 = Release|Any CPU
		{882E63FC-64C0-4856-A085-990F7CC2BE1E}.Debug|Any CPU.ActiveCfg = Debug|Any CPU
		{882E63FC-64C0-4856-A085-990F7CC2BE1E}.Debug|Any CPU.Build.0 = Debug|Any CPU
		{882E63FC-64C0-4856-A085-990F7CC2BE1E}.Release|Any CPU.ActiveCfg = Release|Any CPU
		{882E63FC-64C0-4856-A085-990F7CC2BE1E}.Release|Any CPU.Build.0 = Release|Any CPU
		{915FA3B2-E4FC-4E87-A878-F23848919781}.Debug|Any CPU.ActiveCfg = Debug|Any CPU
		{915FA3B2-E4FC-4E87-A878-F23848919781}.Debug|Any CPU.Build.0 = Debug|Any CPU
		{915FA3B2-E4FC-4E87-A878-F23848919781}.Release|Any CPU.ActiveCfg = Release|Any CPU
		{915FA3B2-E4FC-4E87-A878-F23848919781}.Release|Any CPU.Build.0 = Release|Any CPU
		{F64698B2-CE26-4667-B69E-AEC1B670F7F3}.Debug|Any CPU.ActiveCfg = Debug|Any CPU
		{F64698B2-CE26-4667-B69E-AEC1B670F7F3}.Debug|Any CPU.Build.0 = Debug|Any CPU
		{F64698B2-CE26-4667-B69E-AEC1B670F7F3}.Release|Any CPU.ActiveCfg = Release|Any CPU
		{F64698B2-CE26-4667-B69E-AEC1B670F7F3}.Release|Any CPU.Build.0 = Release|Any CPU
		{BE940FFF-9B9A-407B-90C9-532AE25F0F83}.Debug|Any CPU.ActiveCfg = Debug|Any CPU
		{BE940FFF-9B9A-407B-90C9-532AE25F0F83}.Debug|Any CPU.Build.0 = Debug|Any CPU
		{BE940FFF-9B9A-407B-90C9-532AE25F0F83}.Release|Any CPU.ActiveCfg = Release|Any CPU
		{BE940FFF-9B9A-407B-90C9-532AE25F0F83}.Release|Any CPU.Build.0 = Release|Any CPU
		{91399193-3C9C-43C2-8807-603CCD52C5D2}.Debug|Any CPU.ActiveCfg = Debug|Any CPU
		{91399193-3C9C-43C2-8807-603CCD52C5D2}.Debug|Any CPU.Build.0 = Debug|Any CPU
		{91399193-3C9C-43C2-8807-603CCD52C5D2}.Release|Any CPU.ActiveCfg = Release|Any CPU
		{91399193-3C9C-43C2-8807-603CCD52C5D2}.Release|Any CPU.Build.0 = Release|Any CPU
		{CCD2141C-A5D7-4DEA-9C4B-48BDA1832A50}.Debug|Any CPU.ActiveCfg = Debug|Any CPU
		{CCD2141C-A5D7-4DEA-9C4B-48BDA1832A50}.Debug|Any CPU.Build.0 = Debug|Any CPU
		{CCD2141C-A5D7-4DEA-9C4B-48BDA1832A50}.Release|Any CPU.ActiveCfg = Release|Any CPU
		{CCD2141C-A5D7-4DEA-9C4B-48BDA1832A50}.Release|Any CPU.Build.0 = Release|Any CPU
		{4908413A-B53F-447E-8DE4-A26FDE1F3E5A}.Debug|Any CPU.ActiveCfg = Debug|Any CPU
		{4908413A-B53F-447E-8DE4-A26FDE1F3E5A}.Debug|Any CPU.Build.0 = Debug|Any CPU
		{4908413A-B53F-447E-8DE4-A26FDE1F3E5A}.Release|Any CPU.ActiveCfg = Release|Any CPU
		{4908413A-B53F-447E-8DE4-A26FDE1F3E5A}.Release|Any CPU.Build.0 = Release|Any CPU
		{18004D7F-0A79-41C4-9B6E-21F3F9A351A0}.Debug|Any CPU.ActiveCfg = Debug|Any CPU
		{18004D7F-0A79-41C4-9B6E-21F3F9A351A0}.Debug|Any CPU.Build.0 = Debug|Any CPU
		{18004D7F-0A79-41C4-9B6E-21F3F9A351A0}.Release|Any CPU.ActiveCfg = Release|Any CPU
		{18004D7F-0A79-41C4-9B6E-21F3F9A351A0}.Release|Any CPU.Build.0 = Release|Any CPU
		{8CDB894F-3159-4C46-BDE3-6135740B4CCF}.Debug|Any CPU.ActiveCfg = Debug|Any CPU
		{8CDB894F-3159-4C46-BDE3-6135740B4CCF}.Debug|Any CPU.Build.0 = Debug|Any CPU
		{8CDB894F-3159-4C46-BDE3-6135740B4CCF}.Release|Any CPU.ActiveCfg = Release|Any CPU
		{8CDB894F-3159-4C46-BDE3-6135740B4CCF}.Release|Any CPU.Build.0 = Release|Any CPU
		{9E85511C-0211-4FA5-B4CF-AEAE33F14FC6}.Debug|Any CPU.ActiveCfg = Debug|Any CPU
		{9E85511C-0211-4FA5-B4CF-AEAE33F14FC6}.Debug|Any CPU.Build.0 = Debug|Any CPU
		{9E85511C-0211-4FA5-B4CF-AEAE33F14FC6}.Release|Any CPU.ActiveCfg = Release|Any CPU
		{9E85511C-0211-4FA5-B4CF-AEAE33F14FC6}.Release|Any CPU.Build.0 = Release|Any CPU
		{294D296C-1D07-4870-9C03-A31FACD169DE}.Debug|Any CPU.ActiveCfg = Debug|Any CPU
		{294D296C-1D07-4870-9C03-A31FACD169DE}.Debug|Any CPU.Build.0 = Debug|Any CPU
		{294D296C-1D07-4870-9C03-A31FACD169DE}.Release|Any CPU.ActiveCfg = Release|Any CPU
		{294D296C-1D07-4870-9C03-A31FACD169DE}.Release|Any CPU.Build.0 = Release|Any CPU
		{5C26A0D7-5A56-457B-81A8-8A695B28D0D1}.Debug|Any CPU.ActiveCfg = Debug|Any CPU
		{5C26A0D7-5A56-457B-81A8-8A695B28D0D1}.Debug|Any CPU.Build.0 = Debug|Any CPU
		{5C26A0D7-5A56-457B-81A8-8A695B28D0D1}.Release|Any CPU.ActiveCfg = Release|Any CPU
		{5C26A0D7-5A56-457B-81A8-8A695B28D0D1}.Release|Any CPU.Build.0 = Release|Any CPU
		{6090F443-B7A3-4BA4-A398-7717FE967F52}.Debug|Any CPU.ActiveCfg = Debug|Any CPU
		{6090F443-B7A3-4BA4-A398-7717FE967F52}.Debug|Any CPU.Build.0 = Debug|Any CPU
		{6090F443-B7A3-4BA4-A398-7717FE967F52}.Release|Any CPU.ActiveCfg = Release|Any CPU
		{6090F443-B7A3-4BA4-A398-7717FE967F52}.Release|Any CPU.Build.0 = Release|Any CPU
		{8C2DF0A0-A7E2-4634-A318-72CD9F8F1946}.Debug|Any CPU.ActiveCfg = Debug|Any CPU
		{8C2DF0A0-A7E2-4634-A318-72CD9F8F1946}.Debug|Any CPU.Build.0 = Debug|Any CPU
		{8C2DF0A0-A7E2-4634-A318-72CD9F8F1946}.Debug|Any CPU.Deploy.0 = Debug|Any CPU
		{8C2DF0A0-A7E2-4634-A318-72CD9F8F1946}.Release|Any CPU.ActiveCfg = Release|Any CPU
		{8C2DF0A0-A7E2-4634-A318-72CD9F8F1946}.Release|Any CPU.Build.0 = Release|Any CPU
		{8C2DF0A0-A7E2-4634-A318-72CD9F8F1946}.Release|Any CPU.Deploy.0 = Release|Any CPU
	EndGlobalSection
	GlobalSection(SolutionProperties) = preSolution
		HideSolutionNode = FALSE
	EndGlobalSection
	GlobalSection(ExtensibilityGlobals) = postSolution
		SolutionGuid = {CF263CF7-C88E-48B5-9C61-16784462192D}
	EndGlobalSection
EndGlobal
